// !$*UTF8*$!
{
	archiveVersion = 1;
	classes = {
	};
	objectVersion = 46;
	objects = {

/* Begin PBXBuildFile section */
		9C6BE5AD1F042D6D00F360B5 /* ViewController.swift in Sources */ = {isa = PBXBuildFile; fileRef = 9C6BE5AC1F042D6D00F360B5 /* ViewController.swift */; };
		9C6BE5B01F042D6E00F360B5 /* Main.storyboard in Resources */ = {isa = PBXBuildFile; fileRef = 9C6BE5AE1F042D6E00F360B5 /* Main.storyboard */; };
		9C6BE5B21F042D6E00F360B5 /* Assets.xcassets in Resources */ = {isa = PBXBuildFile; fileRef = 9C6BE5B11F042D6E00F360B5 /* Assets.xcassets */; };
		9C6BE5B51F042D6E00F360B5 /* LaunchScreen.storyboard in Resources */ = {isa = PBXBuildFile; fileRef = 9C6BE5B31F042D6E00F360B5 /* LaunchScreen.storyboard */; };
		9CD6CD961F054ACB009631B1 /* ShopTableViewController.swift in Sources */ = {isa = PBXBuildFile; fileRef = 9CD6CD951F054ACB009631B1 /* ShopTableViewController.swift */; };
		9CD6CD981F054AE5009631B1 /* CartTableViewController.swift in Sources */ = {isa = PBXBuildFile; fileRef = 9CD6CD971F054AE5009631B1 /* CartTableViewController.swift */; };
		9CD6CD9A1F054AF5009631B1 /* OrderHistoryTableViewController.swift in Sources */ = {isa = PBXBuildFile; fileRef = 9CD6CD991F054AF5009631B1 /* OrderHistoryTableViewController.swift */; };
		9CD6CD9C1F054C22009631B1 /* ShopItemDetailViewController.swift in Sources */ = {isa = PBXBuildFile; fileRef = 9CD6CD9B1F054C22009631B1 /* ShopItemDetailViewController.swift */; };
		9CD6CD9E1F059BB2009631B1 /* AppDelegate.swift in Sources */ = {isa = PBXBuildFile; fileRef = 9CD6CD9D1F059BB2009631B1 /* AppDelegate.swift */; };
		F6E99FF71F056BE3006505AD /* Item.swift in Sources */ = {isa = PBXBuildFile; fileRef = F6E99FF61F056BE3006505AD /* Item.swift */; };
		F6E99FF91F057154006505AD /* ShoppingController.swift in Sources */ = {isa = PBXBuildFile; fileRef = F6E99FF81F057154006505AD /* ShoppingController.swift */; };
/* End PBXBuildFile section */

/* Begin PBXFileReference section */
		9C6BE5A71F042D6D00F360B5 /* ClothingStore.app */ = {isa = PBXFileReference; explicitFileType = wrapper.application; includeInIndex = 0; path = ClothingStore.app; sourceTree = BUILT_PRODUCTS_DIR; };
		9C6BE5AC1F042D6D00F360B5 /* ViewController.swift */ = {isa = PBXFileReference; lastKnownFileType = sourcecode.swift; path = ViewController.swift; sourceTree = "<group>"; };
		9C6BE5AF1F042D6E00F360B5 /* Base */ = {isa = PBXFileReference; lastKnownFileType = file.storyboard; name = Base; path = Base.lproj/Main.storyboard; sourceTree = "<group>"; };
		9C6BE5B11F042D6E00F360B5 /* Assets.xcassets */ = {isa = PBXFileReference; lastKnownFileType = folder.assetcatalog; path = Assets.xcassets; sourceTree = "<group>"; };
		9C6BE5B41F042D6E00F360B5 /* Base */ = {isa = PBXFileReference; lastKnownFileType = file.storyboard; name = Base; path = Base.lproj/LaunchScreen.storyboard; sourceTree = "<group>"; };
		9C6BE5B61F042D6E00F360B5 /* Info.plist */ = {isa = PBXFileReference; lastKnownFileType = text.plist.xml; path = Info.plist; sourceTree = "<group>"; };
		9CD6CD951F054ACB009631B1 /* ShopTableViewController.swift */ = {isa = PBXFileReference; fileEncoding = 4; lastKnownFileType = sourcecode.swift; path = ShopTableViewController.swift; sourceTree = "<group>"; };
		9CD6CD971F054AE5009631B1 /* CartTableViewController.swift */ = {isa = PBXFileReference; fileEncoding = 4; lastKnownFileType = sourcecode.swift; path = CartTableViewController.swift; sourceTree = "<group>"; };
		9CD6CD991F054AF5009631B1 /* OrderHistoryTableViewController.swift */ = {isa = PBXFileReference; fileEncoding = 4; lastKnownFileType = sourcecode.swift; path = OrderHistoryTableViewController.swift; sourceTree = "<group>"; };
		9CD6CD9B1F054C22009631B1 /* ShopItemDetailViewController.swift */ = {isa = PBXFileReference; fileEncoding = 4; lastKnownFileType = sourcecode.swift; path = ShopItemDetailViewController.swift; sourceTree = "<group>"; };
		9CD6CD9D1F059BB2009631B1 /* AppDelegate.swift */ = {isa = PBXFileReference; fileEncoding = 4; lastKnownFileType = sourcecode.swift; path = AppDelegate.swift; sourceTree = "<group>"; };
		F6E99FF61F056BE3006505AD /* Item.swift */ = {isa = PBXFileReference; fileEncoding = 4; lastKnownFileType = sourcecode.swift; path = Item.swift; sourceTree = "<group>"; };
		F6E99FF81F057154006505AD /* ShoppingController.swift */ = {isa = PBXFileReference; fileEncoding = 4; lastKnownFileType = sourcecode.swift; path = ShoppingController.swift; sourceTree = "<group>"; };
/* End PBXFileReference section */

/* Begin PBXFrameworksBuildPhase section */
		9C6BE5A41F042D6D00F360B5 /* Frameworks */ = {
			isa = PBXFrameworksBuildPhase;
			buildActionMask = 2147483647;
			files = (
			);
			runOnlyForDeploymentPostprocessing = 0;
		};
/* End PBXFrameworksBuildPhase section */

/* Begin PBXGroup section */
		9C6BE59E1F042D6D00F360B5 = {
			isa = PBXGroup;
			children = (
				9C6BE5A91F042D6D00F360B5 /* ClothingStore */,
				9C6BE5A81F042D6D00F360B5 /* Products */,
			);
			sourceTree = "<group>";
		};
		9C6BE5A81F042D6D00F360B5 /* Products */ = {
			isa = PBXGroup;
			children = (
				9C6BE5A71F042D6D00F360B5 /* ClothingStore.app */,
			);
			name = Products;
			sourceTree = "<group>";
		};
		9C6BE5A91F042D6D00F360B5 /* ClothingStore */ = {
			isa = PBXGroup;
			children = (
				9CD6CD9D1F059BB2009631B1 /* AppDelegate.swift */,
				9C6BE5AC1F042D6D00F360B5 /* ViewController.swift */,
				9CD6CD951F054ACB009631B1 /* ShopTableViewController.swift */,
				9CD6CD9B1F054C22009631B1 /* ShopItemDetailViewController.swift */,
				9CD6CD971F054AE5009631B1 /* CartTableViewController.swift */,
				9CD6CD991F054AF5009631B1 /* OrderHistoryTableViewController.swift */,
				9C6BE5AE1F042D6E00F360B5 /* Main.storyboard */,
				9C6BE5B11F042D6E00F360B5 /* Assets.xcassets */,
				9C6BE5B31F042D6E00F360B5 /* LaunchScreen.storyboard */,
				9C6BE5B61F042D6E00F360B5 /* Info.plist */,
				F6E99FF61F056BE3006505AD /* Item.swift */,
				F6E99FF81F057154006505AD /* ShoppingController.swift */,
			);
			path = ClothingStore;
			sourceTree = "<group>";
		};
/* End PBXGroup section */

/* Begin PBXNativeTarget section */
		9C6BE5A61F042D6D00F360B5 /* ClothingStore */ = {
			isa = PBXNativeTarget;
			buildConfigurationList = 9C6BE5B91F042D6E00F360B5 /* Build configuration list for PBXNativeTarget "ClothingStore" */;
			buildPhases = (
				9C6BE5A31F042D6D00F360B5 /* Sources */,
				9C6BE5A41F042D6D00F360B5 /* Frameworks */,
				9C6BE5A51F042D6D00F360B5 /* Resources */,
			);
			buildRules = (
			);
			dependencies = (
			);
			name = ClothingStore;
			productName = ClothingStore;
			productReference = 9C6BE5A71F042D6D00F360B5 /* ClothingStore.app */;
			productType = "com.apple.product-type.application";
		};
/* End PBXNativeTarget section */

/* Begin PBXProject section */
		9C6BE59F1F042D6D00F360B5 /* Project object */ = {
			isa = PBXProject;
			attributes = {
				LastSwiftUpdateCheck = 0830;
				LastUpgradeCheck = 0830;
				ORGANIZATIONNAME = "New York University";
				TargetAttributes = {
					9C6BE5A61F042D6D00F360B5 = {
						CreatedOnToolsVersion = 8.3;
						DevelopmentTeam = KRQ429TUHC;
						ProvisioningStyle = Automatic;
					};
				};
			};
			buildConfigurationList = 9C6BE5A21F042D6D00F360B5 /* Build configuration list for PBXProject "ClothingStore" */;
			compatibilityVersion = "Xcode 3.2";
			developmentRegion = English;
			hasScannedForEncodings = 0;
			knownRegions = (
				en,
				Base,
			);
			mainGroup = 9C6BE59E1F042D6D00F360B5;
			productRefGroup = 9C6BE5A81F042D6D00F360B5 /* Products */;
			projectDirPath = "";
			projectRoot = "";
			targets = (
				9C6BE5A61F042D6D00F360B5 /* ClothingStore */,
			);
		};
/* End PBXProject section */

/* Begin PBXResourcesBuildPhase section */
		9C6BE5A51F042D6D00F360B5 /* Resources */ = {
			isa = PBXResourcesBuildPhase;
			buildActionMask = 2147483647;
			files = (
				9C6BE5B51F042D6E00F360B5 /* LaunchScreen.storyboard in Resources */,
				9C6BE5B21F042D6E00F360B5 /* Assets.xcassets in Resources */,
				9C6BE5B01F042D6E00F360B5 /* Main.storyboard in Resources */,
			);
			runOnlyForDeploymentPostprocessing = 0;
		};
/* End PBXResourcesBuildPhase section */

/* Begin PBXSourcesBuildPhase section */
		9C6BE5A31F042D6D00F360B5 /* Sources */ = {
			isa = PBXSourcesBuildPhase;
			buildActionMask = 2147483647;
			files = (
				9CD6CD9E1F059BB2009631B1 /* AppDelegate.swift in Sources */,
				9CD6CD9A1F054AF5009631B1 /* OrderHistoryTableViewController.swift in Sources */,
				9C6BE5AD1F042D6D00F360B5 /* ViewController.swift in Sources */,
				F6E99FF71F056BE3006505AD /* Item.swift in Sources */,
				F6E99FF91F057154006505AD /* ShoppingController.swift in Sources */,
				9CD6CD981F054AE5009631B1 /* CartTableViewController.swift in Sources */,
				9CD6CD9C1F054C22009631B1 /* ShopItemDetailViewController.swift in Sources */,
				9CD6CD961F054ACB009631B1 /* ShopTableViewController.swift in Sources */,
			);
			runOnlyForDeploymentPostprocessing = 0;
		};
/* End PBXSourcesBuildPhase section */

/* Begin PBXVariantGroup section */
		9C6BE5AE1F042D6E00F360B5 /* Main.storyboard */ = {
			isa = PBXVariantGroup;
			children = (
				9C6BE5AF1F042D6E00F360B5 /* Base */,
			);
			name = Main.storyboard;
			sourceTree = "<group>";
		};
		9C6BE5B31F042D6E00F360B5 /* LaunchScreen.storyboard */ = {
			isa = PBXVariantGroup;
			children = (
				9C6BE5B41F042D6E00F360B5 /* Base */,
			);
			name = LaunchScreen.storyboard;
			sourceTree = "<group>";
		};
/* End PBXVariantGroup section */

/* Begin XCBuildConfiguration section */
		9C6BE5B71F042D6E00F360B5 /* Debug */ = {
			isa = XCBuildConfiguration;
			buildSettings = {
				ALWAYS_SEARCH_USER_PATHS = NO;
				CLANG_ANALYZER_NONNULL = YES;
				CLANG_ANALYZER_NUMBER_OBJECT_CONVERSION = YES_AGGRESSIVE;
				CLANG_CXX_LANGUAGE_STANDARD = "gnu++0x";
				CLANG_CXX_LIBRARY = "libc++";
				CLANG_ENABLE_MODULES = YES;
				CLANG_ENABLE_OBJC_ARC = YES;
				CLANG_WARN_BOOL_CONVERSION = YES;
				CLANG_WARN_CONSTANT_CONVERSION = YES;
				CLANG_WARN_DIRECT_OBJC_ISA_USAGE = YES_ERROR;
				CLANG_WARN_DOCUMENTATION_COMMENTS = YES;
				CLANG_WARN_EMPTY_BODY = YES;
				CLANG_WARN_ENUM_CONVERSION = YES;
				CLANG_WARN_INFINITE_RECURSION = YES;
				CLANG_WARN_INT_CONVERSION = YES;
				CLANG_WARN_OBJC_ROOT_CLASS = YES_ERROR;
				CLANG_WARN_SUSPICIOUS_MOVE = YES;
				CLANG_WARN_UNREACHABLE_CODE = YES;
				CLANG_WARN__DUPLICATE_METHOD_MATCH = YES;
				"CODE_SIGN_IDENTITY[sdk=iphoneos*]" = "iPhone Developer";
				COPY_PHASE_STRIP = NO;
				DEBUG_INFORMATION_FORMAT = dwarf;
				ENABLE_STRICT_OBJC_MSGSEND = YES;
				ENABLE_TESTABILITY = YES;
				GCC_C_LANGUAGE_STANDARD = gnu99;
				GCC_DYNAMIC_NO_PIC = NO;
				GCC_NO_COMMON_BLOCKS = YES;
				GCC_OPTIMIZATION_LEVEL = 0;
				GCC_PREPROCESSOR_DEFINITIONS = (
					"DEBUG=1",
					"$(inherited)",
				);
				GCC_WARN_64_TO_32_BIT_CONVERSION = YES;
				GCC_WARN_ABOUT_RETURN_TYPE = YES_ERROR;
				GCC_WARN_UNDECLARED_SELECTOR = YES;
				GCC_WARN_UNINITIALIZED_AUTOS = YES_AGGRESSIVE;
				GCC_WARN_UNUSED_FUNCTION = YES;
				GCC_WARN_UNUSED_VARIABLE = YES;
				IPHONEOS_DEPLOYMENT_TARGET = 10.3;
				MTL_ENABLE_DEBUG_INFO = YES;
				ONLY_ACTIVE_ARCH = YES;
				SDKROOT = iphoneos;
				SWIFT_ACTIVE_COMPILATION_CONDITIONS = DEBUG;
				SWIFT_OPTIMIZATION_LEVEL = "-Onone";
				TARGETED_DEVICE_FAMILY = "1,2";
			};
			name = Debug;
		};
		9C6BE5B81F042D6E00F360B5 /* Release */ = {
			isa = XCBuildConfiguration;
			buildSettings = {
				ALWAYS_SEARCH_USER_PATHS = NO;
				CLANG_ANALYZER_NONNULL = YES;
				CLANG_ANALYZER_NUMBER_OBJECT_CONVERSION = YES_AGGRESSIVE;
				CLANG_CXX_LANGUAGE_STANDARD = "gnu++0x";
				CLANG_CXX_LIBRARY = "libc++";
				CLANG_ENABLE_MODULES = YES;
				CLANG_ENABLE_OBJC_ARC = YES;
				CLANG_WARN_BOOL_CONVERSION = YES;
				CLANG_WARN_CONSTANT_CONVERSION = YES;
				CLANG_WARN_DIRECT_OBJC_ISA_USAGE = YES_ERROR;
				CLANG_WARN_DOCUMENTATION_COMMENTS = YES;
				CLANG_WARN_EMPTY_BODY = YES;
				CLANG_WARN_ENUM_CONVERSION = YES;
				CLANG_WARN_INFINITE_RECURSION = YES;
				CLANG_WARN_INT_CONVERSION = YES;
				CLANG_WARN_OBJC_ROOT_CLASS = YES_ERROR;
				CLANG_WARN_SUSPICIOUS_MOVE = YES;
				CLANG_WARN_UNREACHABLE_CODE = YES;
				CLANG_WARN__DUPLICATE_METHOD_MATCH = YES;
				"CODE_SIGN_IDENTITY[sdk=iphoneos*]" = "iPhone Developer";
				COPY_PHASE_STRIP = NO;
				DEBUG_INFORMATION_FORMAT = "dwarf-with-dsym";
				ENABLE_NS_ASSERTIONS = NO;
				ENABLE_STRICT_OBJC_MSGSEND = YES;
				GCC_C_LANGUAGE_STANDARD = gnu99;
				GCC_NO_COMMON_BLOCKS = YES;
				GCC_WARN_64_TO_32_BIT_CONVERSION = YES;
				GCC_WARN_ABOUT_RETURN_TYPE = YES_ERROR;
				GCC_WARN_UNDECLARED_SELECTOR = YES;
				GCC_WARN_UNINITIALIZED_AUTOS = YES_AGGRESSIVE;
				GCC_WARN_UNUSED_FUNCTION = YES;
				GCC_WARN_UNUSED_VARIABLE = YES;
				IPHONEOS_DEPLOYMENT_TARGET = 10.3;
				MTL_ENABLE_DEBUG_INFO = NO;
				SDKROOT = iphoneos;
				SWIFT_OPTIMIZATION_LEVEL = "-Onone";
				TARGETED_DEVICE_FAMILY = "1,2";
				VALIDATE_PRODUCT = YES;
			};
			name = Release;
		};
		9C6BE5BA1F042D6E00F360B5 /* Debug */ = {
			isa = XCBuildConfiguration;
			buildSettings = {
				ASSETCATALOG_COMPILER_APPICON_NAME = AppIcon;
				DEVELOPMENT_TEAM = KRQ429TUHC;
				INFOPLIST_FILE = ClothingStore/Info.plist;
				LD_RUNPATH_SEARCH_PATHS = "$(inherited) @executable_path/Frameworks";
				PRODUCT_BUNDLE_IDENTIFIER = com.example.ClothingStore;
				PRODUCT_NAME = "$(TARGET_NAME)";
				SWIFT_VERSION = 3.0;
			};
			name = Debug;
		};
		9C6BE5BB1F042D6E00F360B5 /* Release */ = {
			isa = XCBuildConfiguration;
			buildSettings = {
				ASSETCATALOG_COMPILER_APPICON_NAME = AppIcon;
				DEVELOPMENT_TEAM = KRQ429TUHC;
				INFOPLIST_FILE = ClothingStore/Info.plist;
				LD_RUNPATH_SEARCH_PATHS = "$(inherited) @executable_path/Frameworks";
				PRODUCT_BUNDLE_IDENTIFIER = com.example.ClothingStore;
				PRODUCT_NAME = "$(TARGET_NAME)";
				SWIFT_VERSION = 3.0;
			};
			name = Release;
		};
/* End XCBuildConfiguration section */

/* Begin XCConfigurationList section */
		9C6BE5A21F042D6D00F360B5 /* Build configuration list for PBXProject "ClothingStore" */ = {
			isa = XCConfigurationList;
			buildConfigurations = (
				9C6BE5B71F042D6E00F360B5 /* Debug */,
				9C6BE5B81F042D6E00F360B5 /* Release */,
			);
			defaultConfigurationIsVisible = 0;
			defaultConfigurationName = Release;
		};
		9C6BE5B91F042D6E00F360B5 /* Build configuration list for PBXNativeTarget "ClothingStore" */ = {
			isa = XCConfigurationList;
			buildConfigurations = (
				9C6BE5BA1F042D6E00F360B5 /* Debug */,
				9C6BE5BB1F042D6E00F360B5 /* Release */,
			);
			defaultConfigurationIsVisible = 0;
			defaultConfigurationName = Release;
		};
/* End XCConfigurationList section */
	};
	rootObject = 9C6BE59F1F042D6D00F360B5 /* Project object */;
}
